
Microsoft Visual Studio Solution File, Format Version 12.00
# Visual Studio Version 17
VisualStudioVersion = 17.5.002.0
MinimumVisualStudioVersion = 10.0.40219.1
Project("{9A19103F-16F7-4668-BE54-9A1E7A4F7556}") = "make-two-arrays-equal-by-reversing-subarrays", "make-two-arrays-equal-by-reversing-subarrays.csproj", "{B410CFBF-584D-418D-B78C-F9F7DA1EB898}"
EndProject
Global
	GlobalSection(SolutionConfigurationPlatforms) = preSolution
		Debug|Any CPU = Debug|Any CPU
		Release|Any CPU = Release|Any CPU
	EndGlobalSection
	GlobalSection(ProjectConfigurationPlatforms) = postSolution
		{B410CFBF-584D-418D-B78C-F9F7DA1EB898}.Debug|Any CPU.ActiveCfg = Debug|Any CPU
		{B410CFBF-584D-418D-B78C-F9F7DA1EB898}.Debug|Any CPU.Build.0 = Debug|Any CPU
		{B410CFBF-584D-418D-B78C-F9F7DA1EB898}.Release|Any CPU.ActiveCfg = Release|Any CPU
		{B410CFBF-584D-418D-B78C-F9F7DA1EB898}.Release|Any CPU.Build.0 = Release|Any CPU
	EndGlobalSection
	GlobalSection(SolutionProperties) = preSolution
		HideSolutionNode = FALSE
	EndGlobalSection
	GlobalSection(ExtensibilityGlobals) = postSolution
		SolutionGuid = {9EAB084F-B837-4E52-90CC-E75EB09C2C7A}
	EndGlobalSection
EndGlobal
